
Microsoft Visual Studio Solution File, Format Version 12.00
# Visual Studio Version 16
VisualStudioVersion = 16.0.28803.352
MinimumVisualStudioVersion = 10.0.40219.1
Project("{8BC9CEB8-8B4A-11D0-8D11-00A0C91BC942}") = "Module_main", "Module_main\Module_main.vcxproj", "{A684BDA3-2CA1-40BE-8CEE-9A62D084EAB7}"
EndProject
Global
	GlobalSection(SolutionConfigurationPlatforms) = preSolution
		Debug|x64 = Debug|x64
		Debug|x86 = Debug|x86
		Release|x64 = Release|x64
		Release|x86 = Release|x86
	EndGlobalSection
	GlobalSection(ProjectConfigurationPlatforms) = postSolution
		{A684BDA3-2CA1-40BE-8CEE-9A62D084EAB7}.Debug|x64.ActiveCfg = Debug|x64
		{A684BDA3-2CA1-40BE-8CEE-9A62D084EAB7}.Debug|x64.Build.0 = Debug|x64
		{A684BDA3-2CA1-40BE-8CEE-9A62D084EAB7}.Debug|x86.ActiveCfg = Debug|Win32
		{A684BDA3-2CA1-40BE-8CEE-9A62D084EAB7}.Debug|x86.Build.0 = Debug|Win32
		{A684BDA3-2CA1-40BE-8CEE-9A62D084EAB7}.Release|x64.ActiveCfg = Release|x64
		{A684BDA3-2CA1-40BE-8CEE-9A62D084EAB7}.Release|x64.Build.0 = Release|x64
		{A684BDA3-2CA1-40BE-8CEE-9A62D084EAB7}.Release|x86.ActiveCfg = Release|Win32
		{A684BDA3-2CA1-40BE-8CEE-9A62D084EAB7}.Release|x86.Build.0 = Release|Win32
	EndGlobalSection
	GlobalSection(SolutionProperties) = preSolution
		HideSolutionNode = FALSE
	EndGlobalSection
	GlobalSection(ExtensibilityGlobals) = postSolution
		SolutionGuid = {F989E533-DF4C-4F7C-8477-E6AB909D9F3A}
	EndGlobalSection
EndGlobal
